<Solution>
  <Folder Name="/.github/">
    <File Path=".github/renovate.json" />
  </Folder>
  <Folder Name="/.github/workflows/">
    <File Path=".github/workflows/build-and-test.yml" />
    <File Path=".github/workflows/codeql.yml" />
    <File Path=".github/workflows/publish-package.yml" />
  </Folder>
  <Folder Name="/src/">
    <Project Path="src/Soenneker.Attributes.Validation.Guid.Nullable/Soenneker.Attributes.Validation.Guid.Nullable.csproj" />
  </Folder>
  <Folder Name="/test/">
    <Project Path="test/Soenneker.Attributes.Validation.Guid.Nullable.Tests/Soenneker.Attributes.Validation.Guid.Nullable.Tests.csproj" />
  </Folder>
</Solution>